{
  "name": "js-physics-simulator",
  "version": "0.0.1",
  "lockfileVersion": 1,
  "requires": true,
  "dependencies": {
    "typepark": {
      "version": "0.8.0",
      "resolved": "https://registry.npmjs.org/typepark/-/typepark-0.8.0.tgz",
      "integrity": "sha512-slArdT+uOz/io5B6Z4PbrRel81PmRx5m3WzD3nTEg00rO1vrQrj4CLo5PGeT4RjmlGPc0kS+tcKe6WeItveV5w=="
    }
  }
}
